
Microsoft Visual Studio Solution File, Format Version 12.00
# Visual Studio 2012
Project("{FAE04EC0-301F-11D3-BF4B-00C04F79EFBC}") = "20171206Win_Notepad", "20171206Win_Notepad\20171206Win_Notepad.csproj", "{759143FD-A9A7-4E26-A448-C6A02B3DAB79}"
EndProject
Global
	GlobalSection(SolutionConfigurationPlatforms) = preSolution
		Debug|Any CPU = Debug|Any CPU
		Release|Any CPU = Release|Any CPU
	EndGlobalSection
	GlobalSection(ProjectConfigurationPlatforms) = postSolution
		{759143FD-A9A7-4E26-A448-C6A02B3DAB79}.Debug|Any CPU.ActiveCfg = Debug|Any CPU
		{759143FD-A9A7-4E26-A448-C6A02B3DAB79}.Debug|Any CPU.Build.0 = Debug|Any CPU
		{759143FD-A9A7-4E26-A448-C6A02B3DAB79}.Release|Any CPU.ActiveCfg = Release|Any CPU
		{759143FD-A9A7-4E26-A448-C6A02B3DAB79}.Release|Any CPU.Build.0 = Release|Any CPU
	EndGlobalSection
	GlobalSection(SolutionProperties) = preSolution
		HideSolutionNode = FALSE
	EndGlobalSection
EndGlobal
